
Microsoft Visual Studio Solution File, Format Version 12.00
# Visual Studio Version 17
VisualStudioVersion = 17.5.33530.505
MinimumVisualStudioVersion = 10.0.40219.1
Project("{FAE04EC0-301F-11D3-BF4B-00C04F79EFBC}") = "hw 9.2", "hw 9.2\hw 9.2.csproj", "{BCF74293-EE04-4EF9-985C-880C193ABB50}"
EndProject
Global
	GlobalSection(SolutionConfigurationPlatforms) = preSolution
		Debug|Any CPU = Debug|Any CPU
		Release|Any CPU = Release|Any CPU
	EndGlobalSection
	GlobalSection(ProjectConfigurationPlatforms) = postSolution
		{BCF74293-EE04-4EF9-985C-880C193ABB50}.Debug|Any CPU.ActiveCfg = Debug|Any CPU
		{BCF74293-EE04-4EF9-985C-880C193ABB50}.Debug|Any CPU.Build.0 = Debug|Any CPU
		{BCF74293-EE04-4EF9-985C-880C193ABB50}.Release|Any CPU.ActiveCfg = Release|Any CPU
		{BCF74293-EE04-4EF9-985C-880C193ABB50}.Release|Any CPU.Build.0 = Release|Any CPU
	EndGlobalSection
	GlobalSection(SolutionProperties) = preSolution
		HideSolutionNode = FALSE
	EndGlobalSection
	GlobalSection(ExtensibilityGlobals) = postSolution
		SolutionGuid = {51205E04-3487-4A88-9729-4122DB8550B7}
	EndGlobalSection
EndGlobal
